
Microsoft Visual Studio Solution File, Format Version 12.00
# Visual Studio Version 16
VisualStudioVersion = 16.0.29201.188
MinimumVisualStudioVersion = 10.0.40219.1
Project("{FAE04EC0-301F-11D3-BF4B-00C04F79EFBC}") = "Capstone5_GCCar_API", "Capstone5_GCCar_API\Capstone5_GCCar_API.csproj", "{8EB049ED-53E6-4B78-9E2B-B12A9574923A}"
EndProject
Global
	GlobalSection(SolutionConfigurationPlatforms) = preSolution
		Debug|Any CPU = Debug|Any CPU
		Release|Any CPU = Release|Any CPU
	EndGlobalSection
	GlobalSection(ProjectConfigurationPlatforms) = postSolution
		{8EB049ED-53E6-4B78-9E2B-B12A9574923A}.Debug|Any CPU.ActiveCfg = Debug|Any CPU
		{8EB049ED-53E6-4B78-9E2B-B12A9574923A}.Debug|Any CPU.Build.0 = Debug|Any CPU
		{8EB049ED-53E6-4B78-9E2B-B12A9574923A}.Release|Any CPU.ActiveCfg = Release|Any CPU
		{8EB049ED-53E6-4B78-9E2B-B12A9574923A}.Release|Any CPU.Build.0 = Release|Any CPU
	EndGlobalSection
	GlobalSection(SolutionProperties) = preSolution
		HideSolutionNode = FALSE
	EndGlobalSection
	GlobalSection(ExtensibilityGlobals) = postSolution
		SolutionGuid = {C2E33570-6260-4996-A948-365DB7D9EA3C}
	EndGlobalSection
EndGlobal
